
Microsoft Visual Studio Solution File, Format Version 12.00
# Visual Studio 15
VisualStudioVersion = 15.0.26730.3
MinimumVisualStudioVersion = 10.0.40219.1
Project("{FAE04EC0-301F-11D3-BF4B-00C04F79EFBC}") = "CS4790Mid", "CS4790Mid\CS4790Mid.csproj", "{7B35B53E-594E-461B-931F-711C3FA1E274}"
EndProject
Global
	GlobalSection(SolutionConfigurationPlatforms) = preSolution
		Debug|Any CPU = Debug|Any CPU
		Release|Any CPU = Release|Any CPU
	EndGlobalSection
	GlobalSection(ProjectConfigurationPlatforms) = postSolution
		{7B35B53E-594E-461B-931F-711C3FA1E274}.Debug|Any CPU.ActiveCfg = Debug|Any CPU
		{7B35B53E-594E-461B-931F-711C3FA1E274}.Debug|Any CPU.Build.0 = Debug|Any CPU
		{7B35B53E-594E-461B-931F-711C3FA1E274}.Release|Any CPU.ActiveCfg = Release|Any CPU
		{7B35B53E-594E-461B-931F-711C3FA1E274}.Release|Any CPU.Build.0 = Release|Any CPU
	EndGlobalSection
	GlobalSection(SolutionProperties) = preSolution
		HideSolutionNode = FALSE
	EndGlobalSection
	GlobalSection(ExtensibilityGlobals) = postSolution
		SolutionGuid = {4802DFE7-3B1F-4A72-8CA1-AD438C42F9EF}
	EndGlobalSection
EndGlobal
